
Microsoft Visual Studio Solution File, Format Version 12.00
# Visual Studio 14
VisualStudioVersion = 14.0.25420.1
MinimumVisualStudioVersion = 10.0.40219.1
Project("{FAE04EC0-301F-11D3-BF4B-00C04F79EFBC}") = "EncoreMessageReceiverService", "EncoreMessageReceiverService\EncoreMessageReceiverService.csproj", "{B168CD43-8F3A-418A-B93A-3C7916E9ACC9}"
EndProject
Project("{FAE04EC0-301F-11D3-BF4B-00C04F79EFBC}") = "EncoreMessageHandlers", "EncoreMessageHandlers\EncoreMessageHandlers.csproj", "{78FFD4CC-4221-4C40-A521-F92D558CCC65}"
EndProject
Project("{FAE04EC0-301F-11D3-BF4B-00C04F79EFBC}") = "EncoreMessages", "EncoreMessages\EncoreMessages.csproj", "{5D20F9D9-2EDE-4DFE-A519-D0EE2429C534}"
EndProject
Project("{FAE04EC0-301F-11D3-BF4B-00C04F79EFBC}") = "EncoreMessageSender", "EncoreMessageSender\EncoreMessageSender.csproj", "{CEB061C4-0E68-4994-B236-D2D1A8D4EA42}"
EndProject
Project("{FAE04EC0-301F-11D3-BF4B-00C04F79EFBC}") = "MVCMessagingTest", "MVCMessagingTest\MVCMessagingTest.csproj", "{027DE813-0793-4883-A481-EFE425E38C11}"
EndProject
Project("{2150E333-8FDC-42A3-9474-1A3956D46DE8}") = "01 - Domain", "01 - Domain", "{20F4A0A5-E650-4C50-A407-3AD238195D20}"
EndProject
Project("{2150E333-8FDC-42A3-9474-1A3956D46DE8}") = "02 - Messaging", "02 - Messaging", "{230D4511-EE4E-4D2A-97ED-C6587B57D0FB}"
EndProject
Project("{2150E333-8FDC-42A3-9474-1A3956D46DE8}") = "04 - UI", "04 - UI", "{D4C33D02-3585-4A6A-B29F-E45BAC4161F1}"
EndProject
Project("{FAE04EC0-301F-11D3-BF4B-00C04F79EFBC}") = "Domain.Entities", "DomainEntities\Domain.Entities.csproj", "{38A8736B-3082-46C4-A3D6-38883137702E}"
EndProject
Project("{2150E333-8FDC-42A3-9474-1A3956D46DE8}") = "03 - Infrastructure", "03 - Infrastructure", "{1B56EC7D-A2E2-4482-B855-255181CAE06F}"
EndProject
Project("{FAE04EC0-301F-11D3-BF4B-00C04F79EFBC}") = "DataAccess", "DataAccess\DataAccess.csproj", "{FA5C652D-C163-477D-B027-90AC691B14A3}"
EndProject
Project("{FAE04EC0-301F-11D3-BF4B-00C04F79EFBC}") = "Domain.Interfaces", "Domain.Interfaces\Domain.Interfaces.csproj", "{EB3CC37E-A910-4A3D-9DE4-692F10F49E57}"
EndProject
Global
	GlobalSection(SolutionConfigurationPlatforms) = preSolution
		Debug|Any CPU = Debug|Any CPU
		Release|Any CPU = Release|Any CPU
	EndGlobalSection
	GlobalSection(ProjectConfigurationPlatforms) = postSolution
		{B168CD43-8F3A-418A-B93A-3C7916E9ACC9}.Debug|Any CPU.ActiveCfg = Debug|Any CPU
		{B168CD43-8F3A-418A-B93A-3C7916E9ACC9}.Debug|Any CPU.Build.0 = Debug|Any CPU
		{B168CD43-8F3A-418A-B93A-3C7916E9ACC9}.Release|Any CPU.ActiveCfg = Release|Any CPU
		{B168CD43-8F3A-418A-B93A-3C7916E9ACC9}.Release|Any CPU.Build.0 = Release|Any CPU
		{78FFD4CC-4221-4C40-A521-F92D558CCC65}.Debug|Any CPU.ActiveCfg = Debug|Any CPU
		{78FFD4CC-4221-4C40-A521-F92D558CCC65}.Debug|Any CPU.Build.0 = Debug|Any CPU
		{78FFD4CC-4221-4C40-A521-F92D558CCC65}.Release|Any CPU.ActiveCfg = Release|Any CPU
		{78FFD4CC-4221-4C40-A521-F92D558CCC65}.Release|Any CPU.Build.0 = Release|Any CPU
		{5D20F9D9-2EDE-4DFE-A519-D0EE2429C534}.Debug|Any CPU.ActiveCfg = Debug|Any CPU
		{5D20F9D9-2EDE-4DFE-A519-D0EE2429C534}.Debug|Any CPU.Build.0 = Debug|Any CPU
		{5D20F9D9-2EDE-4DFE-A519-D0EE2429C534}.Release|Any CPU.ActiveCfg = Release|Any CPU
		{5D20F9D9-2EDE-4DFE-A519-D0EE2429C534}.Release|Any CPU.Build.0 = Release|Any CPU
		{CEB061C4-0E68-4994-B236-D2D1A8D4EA42}.Debug|Any CPU.ActiveCfg = Debug|Any CPU
		{CEB061C4-0E68-4994-B236-D2D1A8D4EA42}.Debug|Any CPU.Build.0 = Debug|Any CPU
		{CEB061C4-0E68-4994-B236-D2D1A8D4EA42}.Release|Any CPU.ActiveCfg = Release|Any CPU
		{CEB061C4-0E68-4994-B236-D2D1A8D4EA42}.Release|Any CPU.Build.0 = Release|Any CPU
		{027DE813-0793-4883-A481-EFE425E38C11}.Debug|Any CPU.ActiveCfg = Debug|Any CPU
		{027DE813-0793-4883-A481-EFE425E38C11}.Debug|Any CPU.Build.0 = Debug|Any CPU
		{027DE813-0793-4883-A481-EFE425E38C11}.Release|Any CPU.ActiveCfg = Release|Any CPU
		{027DE813-0793-4883-A481-EFE425E38C11}.Release|Any CPU.Build.0 = Release|Any CPU
		{38A8736B-3082-46C4-A3D6-38883137702E}.Debug|Any CPU.ActiveCfg = Debug|Any CPU
		{38A8736B-3082-46C4-A3D6-38883137702E}.Debug|Any CPU.Build.0 = Debug|Any CPU
		{38A8736B-3082-46C4-A3D6-38883137702E}.Release|Any CPU.ActiveCfg = Release|Any CPU
		{38A8736B-3082-46C4-A3D6-38883137702E}.Release|Any CPU.Build.0 = Release|Any CPU
		{FA5C652D-C163-477D-B027-90AC691B14A3}.Debug|Any CPU.ActiveCfg = Debug|Any CPU
		{FA5C652D-C163-477D-B027-90AC691B14A3}.Debug|Any CPU.Build.0 = Debug|Any CPU
		{FA5C652D-C163-477D-B027-90AC691B14A3}.Release|Any CPU.ActiveCfg = Release|Any CPU
		{FA5C652D-C163-477D-B027-90AC691B14A3}.Release|Any CPU.Build.0 = Release|Any CPU
		{EB3CC37E-A910-4A3D-9DE4-692F10F49E57}.Debug|Any CPU.ActiveCfg = Debug|Any CPU
		{EB3CC37E-A910-4A3D-9DE4-692F10F49E57}.Debug|Any CPU.Build.0 = Debug|Any CPU
		{EB3CC37E-A910-4A3D-9DE4-692F10F49E57}.Release|Any CPU.ActiveCfg = Release|Any CPU
		{EB3CC37E-A910-4A3D-9DE4-692F10F49E57}.Release|Any CPU.Build.0 = Release|Any CPU
	EndGlobalSection
	GlobalSection(SolutionProperties) = preSolution
		HideSolutionNode = FALSE
	EndGlobalSection
	GlobalSection(NestedProjects) = preSolution
		{B168CD43-8F3A-418A-B93A-3C7916E9ACC9} = {1B56EC7D-A2E2-4482-B855-255181CAE06F}
		{78FFD4CC-4221-4C40-A521-F92D558CCC65} = {230D4511-EE4E-4D2A-97ED-C6587B57D0FB}
		{5D20F9D9-2EDE-4DFE-A519-D0EE2429C534} = {230D4511-EE4E-4D2A-97ED-C6587B57D0FB}
		{CEB061C4-0E68-4994-B236-D2D1A8D4EA42} = {D4C33D02-3585-4A6A-B29F-E45BAC4161F1}
		{027DE813-0793-4883-A481-EFE425E38C11} = {D4C33D02-3585-4A6A-B29F-E45BAC4161F1}
		{38A8736B-3082-46C4-A3D6-38883137702E} = {20F4A0A5-E650-4C50-A407-3AD238195D20}
		{FA5C652D-C163-477D-B027-90AC691B14A3} = {1B56EC7D-A2E2-4482-B855-255181CAE06F}
		{EB3CC37E-A910-4A3D-9DE4-692F10F49E57} = {20F4A0A5-E650-4C50-A407-3AD238195D20}
	EndGlobalSection
EndGlobal
